%{"httpotion": {:hex, :httpotion, "2.1.0", "3fe84fbd13d4560c2514da656d022b1191a079178ee4992d245fc3c33c01ee18", [:mix], []},
  "ibrowse": {:git, "https://github.com/cmullaparthi/ibrowse.git", "ea3305d21f37eced4fac290f64b068e56df7de80", [tag: "v4.1.2"]},
  "poison": {:hex, :poison, "1.4.0", "cd5afb9db7f0d19487572fa28185b6d4de647f14235746824e77b3139b79b725", [:mix], []},
  "websocket_client": {:git, "https://github.com/jeremyong/websocket_client.git", "f6892c8b55004008ce2d52be7d98b156f3e34569", []}}
